// !$*UTF8*$!
{
	archiveVersion = 1;
	classes = {
	};
	objectVersion = 51;
	objects = {

/* Begin PBXBuildFile section */
		06101EBD25ECE987008A2E43 /* AppDelegate.swift in Sources */ = {isa = PBXBuildFile; fileRef = 06101EBC25ECE987008A2E43 /* AppDelegate.swift */; };
		06101EBF25ECE987008A2E43 /* SceneDelegate.swift in Sources */ = {isa = PBXBuildFile; fileRef = 06101EBE25ECE987008A2E43 /* SceneDelegate.swift */; };
		06101EC125ECE987008A2E43 /* ViewController.swift in Sources */ = {isa = PBXBuildFile; fileRef = 06101EC025ECE987008A2E43 /* ViewController.swift */; };
		06101EC425ECE987008A2E43 /* Main.storyboard in Resources */ = {isa = PBXBuildFile; fileRef = 06101EC225ECE987008A2E43 /* Main.storyboard */; };
		06101EC625ECE98E008A2E43 /* Assets.xcassets in Resources */ = {isa = PBXBuildFile; fileRef = 06101EC525ECE98E008A2E43 /* Assets.xcassets */; };
		06101EC925ECE98E008A2E43 /* LaunchScreen.storyboard in Resources */ = {isa = PBXBuildFile; fileRef = 06101EC725ECE98E008A2E43 /* LaunchScreen.storyboard */; };
		06101ED425ECE98F008A2E43 /* AppSmartAuditTests.swift in Sources */ = {isa = PBXBuildFile; fileRef = 06101ED325ECE98F008A2E43 /* AppSmartAuditTests.swift */; };
		06101EDF25ECE98F008A2E43 /* AppSmartAuditUITests.swift in Sources */ = {isa = PBXBuildFile; fileRef = 06101EDE25ECE98F008A2E43 /* AppSmartAuditUITests.swift */; };
		06101EF025ECEB14008A2E43 /* Model.swift in Sources */ = {isa = PBXBuildFile; fileRef = 06101EEF25ECEB14008A2E43 /* Model.swift */; };
		06101F0525ECEFF6008A2E43 /* AvengerAPI.swift in Sources */ = {isa = PBXBuildFile; fileRef = 06101F0425ECEFF6008A2E43 /* AvengerAPI.swift */; };
		06101F0D25ECF5E1008A2E43 /* AvengerCollectionViewCell.swift in Sources */ = {isa = PBXBuildFile; fileRef = 06101F0C25ECF5E1008A2E43 /* AvengerCollectionViewCell.swift */; };
		06101F1225ED146F008A2E43 /* Comics.swift in Sources */ = {isa = PBXBuildFile; fileRef = 06101F1125ED146F008A2E43 /* Comics.swift */; };
		06101F1725ED1486008A2E43 /* Data.swift in Sources */ = {isa = PBXBuildFile; fileRef = 06101F1625ED1486008A2E43 /* Data.swift */; };
		06101F1C25ED148F008A2E43 /* Events.swift in Sources */ = {isa = PBXBuildFile; fileRef = 06101F1B25ED148F008A2E43 /* Events.swift */; };
		06101F2125ED1496008A2E43 /* Items.swift in Sources */ = {isa = PBXBuildFile; fileRef = 06101F2025ED1496008A2E43 /* Items.swift */; };
		06101F2625ED149F008A2E43 /* Json4Swift_Base.swift in Sources */ = {isa = PBXBuildFile; fileRef = 06101F2525ED149F008A2E43 /* Json4Swift_Base.swift */; };
		06101F2B25ED14AD008A2E43 /* Results.swift in Sources */ = {isa = PBXBuildFile; fileRef = 06101F2A25ED14AD008A2E43 /* Results.swift */; };
		06101F3025ED14B5008A2E43 /* Series.swift in Sources */ = {isa = PBXBuildFile; fileRef = 06101F2F25ED14B5008A2E43 /* Series.swift */; };
		06101F3525ED14BD008A2E43 /* Stories.swift in Sources */ = {isa = PBXBuildFile; fileRef = 06101F3425ED14BC008A2E43 /* Stories.swift */; };
		06101F3A25ED14C3008A2E43 /* Thumbnail.swift in Sources */ = {isa = PBXBuildFile; fileRef = 06101F3925ED14C3008A2E43 /* Thumbnail.swift */; };
		06101F3F25ED14CB008A2E43 /* Urls.swift in Sources */ = {isa = PBXBuildFile; fileRef = 06101F3E25ED14CA008A2E43 /* Urls.swift */; };
		06101F4D25ED33DA008A2E43 /* DetailsViewController.swift in Sources */ = {isa = PBXBuildFile; fileRef = 06101F4C25ED33DA008A2E43 /* DetailsViewController.swift */; };
		06101F5225ED34B1008A2E43 /* DetailsCollectionViewCell.swift in Sources */ = {isa = PBXBuildFile; fileRef = 06101F5125ED34B1008A2E43 /* DetailsCollectionViewCell.swift */; };
		43B01C82D5507564BA3EBCE1 /* Pods_AppSmartAudit_AppSmartAuditUITests.framework in Frameworks */ = {isa = PBXBuildFile; fileRef = C80118C47019062313510E71 /* Pods_AppSmartAudit_AppSmartAuditUITests.framework */; };
		A5A811B03FEA9273B0FC5EC0 /* Pods_AppSmartAuditTests.framework in Frameworks */ = {isa = PBXBuildFile; fileRef = E4B1AE883EB779898AB44B53 /* Pods_AppSmartAuditTests.framework */; };
		C5CA7890DAFA53ECC1CA3948 /* Pods_AppSmartAudit.framework in Frameworks */ = {isa = PBXBuildFile; fileRef = 361605441D912FCCA94A6FC5 /* Pods_AppSmartAudit.framework */; };
/* End PBXBuildFile section */

/* Begin PBXContainerItemProxy section */
		06101ED025ECE98F008A2E43 /* PBXContainerItemProxy */ = {
			isa = PBXContainerItemProxy;
			containerPortal = 06101EB125ECE987008A2E43 /* Project object */;
			proxyType = 1;
			remoteGlobalIDString = 06101EB825ECE987008A2E43;
			remoteInfo = AppSmartAudit;
		};
		06101EDB25ECE98F008A2E43 /* PBXContainerItemProxy */ = {
			isa = PBXContainerItemProxy;
			containerPortal = 06101EB125ECE987008A2E43 /* Project object */;
			proxyType = 1;
			remoteGlobalIDString = 06101EB825ECE987008A2E43;
			remoteInfo = AppSmartAudit;
		};
/* End PBXContainerItemProxy section */

/* Begin PBXFileReference section */
		0066CC569E11BD7D514D4760 /* Pods-AppSmartAudit-AppSmartAuditUITests.release.xcconfig */ = {isa = PBXFileReference; includeInIndex = 1; lastKnownFileType = text.xcconfig; name = "Pods-AppSmartAudit-AppSmartAuditUITests.release.xcconfig"; path = "Target Support Files/Pods-AppSmartAudit-AppSmartAuditUITests/Pods-AppSmartAudit-AppSmartAuditUITests.release.xcconfig"; sourceTree = "<group>"; };
		06101EB925ECE987008A2E43 /* AppSmartAudit.app */ = {isa = PBXFileReference; explicitFileType = wrapper.application; includeInIndex = 0; path = AppSmartAudit.app; sourceTree = BUILT_PRODUCTS_DIR; };
		06101EBC25ECE987008A2E43 /* AppDelegate.swift */ = {isa = PBXFileReference; lastKnownFileType = sourcecode.swift; path = AppDelegate.swift; sourceTree = "<group>"; };
		06101EBE25ECE987008A2E43 /* SceneDelegate.swift */ = {isa = PBXFileReference; lastKnownFileType = sourcecode.swift; path = SceneDelegate.swift; sourceTree = "<group>"; };
		06101EC025ECE987008A2E43 /* ViewController.swift */ = {isa = PBXFileReference; lastKnownFileType = sourcecode.swift; path = ViewController.swift; sourceTree = "<group>"; };
		06101EC325ECE987008A2E43 /* Base */ = {isa = PBXFileReference; lastKnownFileType = file.storyboard; name = Base; path = Base.lproj/Main.storyboard; sourceTree = "<group>"; };
		06101EC525ECE98E008A2E43 /* Assets.xcassets */ = {isa = PBXFileReference; lastKnownFileType = folder.assetcatalog; path = Assets.xcassets; sourceTree = "<group>"; };
		06101EC825ECE98E008A2E43 /* Base */ = {isa = PBXFileReference; lastKnownFileType = file.storyboard; name = Base; path = Base.lproj/LaunchScreen.storyboard; sourceTree = "<group>"; };
		06101ECA25ECE98E008A2E43 /* Info.plist */ = {isa = PBXFileReference; lastKnownFileType = text.plist.xml; path = Info.plist; sourceTree = "<group>"; };
		06101ECF25ECE98F008A2E43 /* AppSmartAuditTests.xctest */ = {isa = PBXFileReference; explicitFileType = wrapper.cfbundle; includeInIndex = 0; path = AppSmartAuditTests.xctest; sourceTree = BUILT_PRODUCTS_DIR; };
		06101ED325ECE98F008A2E43 /* AppSmartAuditTests.swift */ = {isa = PBXFileReference; lastKnownFileType = sourcecode.swift; path = AppSmartAuditTests.swift; sourceTree = "<group>"; };
		06101ED525ECE98F008A2E43 /* Info.plist */ = {isa = PBXFileReference; lastKnownFileType = text.plist.xml; path = Info.plist; sourceTree = "<group>"; };
		06101EDA25ECE98F008A2E43 /* AppSmartAuditUITests.xctest */ = {isa = PBXFileReference; explicitFileType = wrapper.cfbundle; includeInIndex = 0; path = AppSmartAuditUITests.xctest; sourceTree = BUILT_PRODUCTS_DIR; };
		06101EDE25ECE98F008A2E43 /* AppSmartAuditUITests.swift */ = {isa = PBXFileReference; lastKnownFileType = sourcecode.swift; path = AppSmartAuditUITests.swift; sourceTree = "<group>"; };
		06101EE025ECE98F008A2E43 /* Info.plist */ = {isa = PBXFileReference; lastKnownFileType = text.plist.xml; path = Info.plist; sourceTree = "<group>"; };
		06101EEF25ECEB14008A2E43 /* Model.swift */ = {isa = PBXFileReference; lastKnownFileType = sourcecode.swift; path = Model.swift; sourceTree = "<group>"; };
		06101F0425ECEFF6008A2E43 /* AvengerAPI.swift */ = {isa = PBXFileReference; lastKnownFileType = sourcecode.swift; name = AvengerAPI.swift; path = AppSmartAudit/AvengerAPI.swift; sourceTree = SOURCE_ROOT; };
		06101F0C25ECF5E1008A2E43 /* AvengerCollectionViewCell.swift */ = {isa = PBXFileReference; lastKnownFileType = sourcecode.swift; path = AvengerCollectionViewCell.swift; sourceTree = "<group>"; };
		06101F1125ED146F008A2E43 /* Comics.swift */ = {isa = PBXFileReference; fileEncoding = 4; lastKnownFileType = sourcecode.swift; path = Comics.swift; sourceTree = "<group>"; };
		06101F1625ED1486008A2E43 /* Data.swift */ = {isa = PBXFileReference; fileEncoding = 4; lastKnownFileType = sourcecode.swift; path = Data.swift; sourceTree = "<group>"; };
		06101F1B25ED148F008A2E43 /* Events.swift */ = {isa = PBXFileReference; fileEncoding = 4; lastKnownFileType = sourcecode.swift; path = Events.swift; sourceTree = "<group>"; };
		06101F2025ED1496008A2E43 /* Items.swift */ = {isa = PBXFileReference; fileEncoding = 4; lastKnownFileType = sourcecode.swift; path = Items.swift; sourceTree = "<group>"; };
		06101F2525ED149F008A2E43 /* Json4Swift_Base.swift */ = {isa = PBXFileReference; fileEncoding = 4; lastKnownFileType = sourcecode.swift; path = Json4Swift_Base.swift; sourceTree = "<group>"; };
		06101F2A25ED14AD008A2E43 /* Results.swift */ = {isa = PBXFileReference; fileEncoding = 4; lastKnownFileType = sourcecode.swift; path = Results.swift; sourceTree = "<group>"; };
		06101F2F25ED14B5008A2E43 /* Series.swift */ = {isa = PBXFileReference; fileEncoding = 4; lastKnownFileType = sourcecode.swift; path = Series.swift; sourceTree = "<group>"; };
		06101F3425ED14BC008A2E43 /* Stories.swift */ = {isa = PBXFileReference; fileEncoding = 4; lastKnownFileType = sourcecode.swift; path = Stories.swift; sourceTree = "<group>"; };
		06101F3925ED14C3008A2E43 /* Thumbnail.swift */ = {isa = PBXFileReference; fileEncoding = 4; lastKnownFileType = sourcecode.swift; path = Thumbnail.swift; sourceTree = "<group>"; };
		06101F3E25ED14CA008A2E43 /* Urls.swift */ = {isa = PBXFileReference; fileEncoding = 4; lastKnownFileType = sourcecode.swift; path = Urls.swift; sourceTree = "<group>"; };
		06101F4C25ED33DA008A2E43 /* DetailsViewController.swift */ = {isa = PBXFileReference; lastKnownFileType = sourcecode.swift; path = DetailsViewController.swift; sourceTree = "<group>"; };
		06101F5125ED34B1008A2E43 /* DetailsCollectionViewCell.swift */ = {isa = PBXFileReference; lastKnownFileType = sourcecode.swift; path = DetailsCollectionViewCell.swift; sourceTree = "<group>"; };
		361605441D912FCCA94A6FC5 /* Pods_AppSmartAudit.framework */ = {isa = PBXFileReference; explicitFileType = wrapper.framework; includeInIndex = 0; path = Pods_AppSmartAudit.framework; sourceTree = BUILT_PRODUCTS_DIR; };
		3A77DA27DC66080593A38A9F /* Pods-AppSmartAudit.debug.xcconfig */ = {isa = PBXFileReference; includeInIndex = 1; lastKnownFileType = text.xcconfig; name = "Pods-AppSmartAudit.debug.xcconfig"; path = "Target Support Files/Pods-AppSmartAudit/Pods-AppSmartAudit.debug.xcconfig"; sourceTree = "<group>"; };
		974D74847FF0324197A80331 /* Pods-AppSmartAuditTests.debug.xcconfig */ = {isa = PBXFileReference; includeInIndex = 1; lastKnownFileType = text.xcconfig; name = "Pods-AppSmartAuditTests.debug.xcconfig"; path = "Target Support Files/Pods-AppSmartAuditTests/Pods-AppSmartAuditTests.debug.xcconfig"; sourceTree = "<group>"; };
		C80118C47019062313510E71 /* Pods_AppSmartAudit_AppSmartAuditUITests.framework */ = {isa = PBXFileReference; explicitFileType = wrapper.framework; includeInIndex = 0; path = Pods_AppSmartAudit_AppSmartAuditUITests.framework; sourceTree = BUILT_PRODUCTS_DIR; };
		E4B1AE883EB779898AB44B53 /* Pods_AppSmartAuditTests.framework */ = {isa = PBXFileReference; explicitFileType = wrapper.framework; includeInIndex = 0; path = Pods_AppSmartAuditTests.framework; sourceTree = BUILT_PRODUCTS_DIR; };
		E4C8ECE130569BC27AF15C1A /* Pods-AppSmartAuditTests.release.xcconfig */ = {isa = PBXFileReference; includeInIndex = 1; lastKnownFileType = text.xcconfig; name = "Pods-AppSmartAuditTests.release.xcconfig"; path = "Target Support Files/Pods-AppSmartAuditTests/Pods-AppSmartAuditTests.release.xcconfig"; sourceTree = "<group>"; };
		E704EA0A0B2740858C82F10C /* Pods-AppSmartAudit.release.xcconfig */ = {isa = PBXFileReference; includeInIndex = 1; lastKnownFileType = text.xcconfig; name = "Pods-AppSmartAudit.release.xcconfig"; path = "Target Support Files/Pods-AppSmartAudit/Pods-AppSmartAudit.release.xcconfig"; sourceTree = "<group>"; };
		F53CC1E13504C5536159C8CC /* Pods-AppSmartAudit-AppSmartAuditUITests.debug.xcconfig */ = {isa = PBXFileReference; includeInIndex = 1; lastKnownFileType = text.xcconfig; name = "Pods-AppSmartAudit-AppSmartAuditUITests.debug.xcconfig"; path = "Target Support Files/Pods-AppSmartAudit-AppSmartAuditUITests/Pods-AppSmartAudit-AppSmartAuditUITests.debug.xcconfig"; sourceTree = "<group>"; };
/* End PBXFileReference section */

/* Begin PBXFrameworksBuildPhase section */
		06101EB625ECE987008A2E43 /* Frameworks */ = {
			isa = PBXFrameworksBuildPhase;
			buildActionMask = 2147483647;
			files = (
				C5CA7890DAFA53ECC1CA3948 /* Pods_AppSmartAudit.framework in Frameworks */,
			);
			runOnlyForDeploymentPostprocessing = 0;
		};
		06101ECC25ECE98F008A2E43 /* Frameworks */ = {
			isa = PBXFrameworksBuildPhase;
			buildActionMask = 2147483647;
			files = (
				A5A811B03FEA9273B0FC5EC0 /* Pods_AppSmartAuditTests.framework in Frameworks */,
			);
			runOnlyForDeploymentPostprocessing = 0;
		};
		06101ED725ECE98F008A2E43 /* Frameworks */ = {
			isa = PBXFrameworksBuildPhase;
			buildActionMask = 2147483647;
			files = (
				43B01C82D5507564BA3EBCE1 /* Pods_AppSmartAudit_AppSmartAuditUITests.framework in Frameworks */,
			);
			runOnlyForDeploymentPostprocessing = 0;
		};
/* End PBXFrameworksBuildPhase section */

/* Begin PBXGroup section */
		06101EB025ECE987008A2E43 = {
			isa = PBXGroup;
			children = (
				06101EBB25ECE987008A2E43 /* AppSmartAudit */,
				06101ED225ECE98F008A2E43 /* AppSmartAuditTests */,
				06101EDD25ECE98F008A2E43 /* AppSmartAuditUITests */,
				06101EBA25ECE987008A2E43 /* Products */,
				D632A632574AA96ABABB1496 /* Pods */,
				B187948CF58C50EF8768F6A0 /* Frameworks */,
			);
			sourceTree = "<group>";
		};
		06101EBA25ECE987008A2E43 /* Products */ = {
			isa = PBXGroup;
			children = (
				06101EB925ECE987008A2E43 /* AppSmartAudit.app */,
				06101ECF25ECE98F008A2E43 /* AppSmartAuditTests.xctest */,
				06101EDA25ECE98F008A2E43 /* AppSmartAuditUITests.xctest */,
			);
			name = Products;
			sourceTree = "<group>";
		};
		06101EBB25ECE987008A2E43 /* AppSmartAudit */ = {
			isa = PBXGroup;
			children = (
				06101F0325ECEFC0008A2E43 /* AvengerAPI */,
				06101EFF25ECEF98008A2E43 /* Models */,
				06101EBC25ECE987008A2E43 /* AppDelegate.swift */,
				06101EBE25ECE987008A2E43 /* SceneDelegate.swift */,
				06101EC025ECE987008A2E43 /* ViewController.swift */,
				06101EC225ECE987008A2E43 /* Main.storyboard */,
				06101F5125ED34B1008A2E43 /* DetailsCollectionViewCell.swift */,
				06101F4C25ED33DA008A2E43 /* DetailsViewController.swift */,
				06101F0C25ECF5E1008A2E43 /* AvengerCollectionViewCell.swift */,
				06101EC525ECE98E008A2E43 /* Assets.xcassets */,
				06101EC725ECE98E008A2E43 /* LaunchScreen.storyboard */,
				06101ECA25ECE98E008A2E43 /* Info.plist */,
			);
			path = AppSmartAudit;
			sourceTree = "<group>";
		};
		06101ED225ECE98F008A2E43 /* AppSmartAuditTests */ = {
			isa = PBXGroup;
			children = (
				06101ED325ECE98F008A2E43 /* AppSmartAuditTests.swift */,
				06101ED525ECE98F008A2E43 /* Info.plist */,
			);
			path = AppSmartAuditTests;
			sourceTree = "<group>";
		};
		06101EDD25ECE98F008A2E43 /* AppSmartAuditUITests */ = {
			isa = PBXGroup;
			children = (
				06101EDE25ECE98F008A2E43 /* AppSmartAuditUITests.swift */,
				06101EE025ECE98F008A2E43 /* Info.plist */,
			);
			path = AppSmartAuditUITests;
			sourceTree = "<group>";
		};
		06101EFF25ECEF98008A2E43 /* Models */ = {
			isa = PBXGroup;
			children = (
				06101F1B25ED148F008A2E43 /* Events.swift */,
				06101F2525ED149F008A2E43 /* Json4Swift_Base.swift */,
				06101F2A25ED14AD008A2E43 /* Results.swift */,
				06101F2F25ED14B5008A2E43 /* Series.swift */,
				06101F3925ED14C3008A2E43 /* Thumbnail.swift */,
				06101F3E25ED14CA008A2E43 /* Urls.swift */,
				06101F3425ED14BC008A2E43 /* Stories.swift */,
				06101F1625ED1486008A2E43 /* Data.swift */,
				06101F2025ED1496008A2E43 /* Items.swift */,
				06101F1125ED146F008A2E43 /* Comics.swift */,
				06101EEF25ECEB14008A2E43 /* Model.swift */,
			);
			path = Models;
			sourceTree = "<group>";
		};
		06101F0325ECEFC0008A2E43 /* AvengerAPI */ = {
			isa = PBXGroup;
			children = (
				06101F0425ECEFF6008A2E43 /* AvengerAPI.swift */,
			);
			path = AvengerAPI;
			sourceTree = "<group>";
		};
		B187948CF58C50EF8768F6A0 /* Frameworks */ = {
			isa = PBXGroup;
			children = (
				361605441D912FCCA94A6FC5 /* Pods_AppSmartAudit.framework */,
				C80118C47019062313510E71 /* Pods_AppSmartAudit_AppSmartAuditUITests.framework */,
				E4B1AE883EB779898AB44B53 /* Pods_AppSmartAuditTests.framework */,
			);
			name = Frameworks;
			sourceTree = "<group>";
		};
		D632A632574AA96ABABB1496 /* Pods */ = {
			isa = PBXGroup;
			children = (
				3A77DA27DC66080593A38A9F /* Pods-AppSmartAudit.debug.xcconfig */,
				E704EA0A0B2740858C82F10C /* Pods-AppSmartAudit.release.xcconfig */,
				F53CC1E13504C5536159C8CC /* Pods-AppSmartAudit-AppSmartAuditUITests.debug.xcconfig */,
				0066CC569E11BD7D514D4760 /* Pods-AppSmartAudit-AppSmartAuditUITests.release.xcconfig */,
				974D74847FF0324197A80331 /* Pods-AppSmartAuditTests.debug.xcconfig */,
				E4C8ECE130569BC27AF15C1A /* Pods-AppSmartAuditTests.release.xcconfig */,
			);
			path = Pods;
			sourceTree = "<group>";
		};
/* End PBXGroup section */

/* Begin PBXNativeTarget section */
		06101EB825ECE987008A2E43 /* AppSmartAudit */ = {
			isa = PBXNativeTarget;
			buildConfigurationList = 06101EE325ECE98F008A2E43 /* Build configuration list for PBXNativeTarget "AppSmartAudit" */;
			buildPhases = (
				9CDA3679274CAA8E9B54D684 /* [CP] Check Pods Manifest.lock */,
				06101EB525ECE987008A2E43 /* Sources */,
				06101EB625ECE987008A2E43 /* Frameworks */,
				06101EB725ECE987008A2E43 /* Resources */,
				D17DF28B9E26A4D1EE779AA0 /* [CP] Embed Pods Frameworks */,
			);
			buildRules = (
			);
			dependencies = (
			);
			name = AppSmartAudit;
			productName = AppSmartAudit;
			productReference = 06101EB925ECE987008A2E43 /* AppSmartAudit.app */;
			productType = "com.apple.product-type.application";
		};
		06101ECE25ECE98F008A2E43 /* AppSmartAuditTests */ = {
			isa = PBXNativeTarget;
			buildConfigurationList = 06101EE625ECE98F008A2E43 /* Build configuration list for PBXNativeTarget "AppSmartAuditTests" */;
			buildPhases = (
				797AB38E07F43CD72198F44D /* [CP] Check Pods Manifest.lock */,
				06101ECB25ECE98F008A2E43 /* Sources */,
				06101ECC25ECE98F008A2E43 /* Frameworks */,
				06101ECD25ECE98F008A2E43 /* Resources */,
			);
			buildRules = (
			);
			dependencies = (
				06101ED125ECE98F008A2E43 /* PBXTargetDependency */,
			);
			name = AppSmartAuditTests;
			productName = AppSmartAuditTests;
			productReference = 06101ECF25ECE98F008A2E43 /* AppSmartAuditTests.xctest */;
			productType = "com.apple.product-type.bundle.unit-test";
		};
		06101ED925ECE98F008A2E43 /* AppSmartAuditUITests */ = {
			isa = PBXNativeTarget;
			buildConfigurationList = 06101EE925ECE98F008A2E43 /* Build configuration list for PBXNativeTarget "AppSmartAuditUITests" */;
			buildPhases = (
				C4D99AA2E12C23745CBA4E4E /* [CP] Check Pods Manifest.lock */,
				06101ED625ECE98F008A2E43 /* Sources */,
				06101ED725ECE98F008A2E43 /* Frameworks */,
				06101ED825ECE98F008A2E43 /* Resources */,
				4589385A413EB392B63F5466 /* [CP] Embed Pods Frameworks */,
			);
			buildRules = (
			);
			dependencies = (
				06101EDC25ECE98F008A2E43 /* PBXTargetDependency */,
			);
			name = AppSmartAuditUITests;
			productName = AppSmartAuditUITests;
			productReference = 06101EDA25ECE98F008A2E43 /* AppSmartAuditUITests.xctest */;
			productType = "com.apple.product-type.bundle.ui-testing";
		};
/* End PBXNativeTarget section */

/* Begin PBXProject section */
		06101EB125ECE987008A2E43 /* Project object */ = {
			isa = PBXProject;
			attributes = {
				LastSwiftUpdateCheck = 1240;
				LastUpgradeCheck = 1240;
				TargetAttributes = {
					06101EB825ECE987008A2E43 = {
						CreatedOnToolsVersion = 12.4;
					};
					06101ECE25ECE98F008A2E43 = {
						CreatedOnToolsVersion = 12.4;
						TestTargetID = 06101EB825ECE987008A2E43;
					};
					06101ED925ECE98F008A2E43 = {
						CreatedOnToolsVersion = 12.4;
						TestTargetID = 06101EB825ECE987008A2E43;
					};
				};
			};
			buildConfigurationList = 06101EB425ECE987008A2E43 /* Build configuration list for PBXProject "AppSmartAudit" */;
			compatibilityVersion = "Xcode 9.3";
			developmentRegion = en;
			hasScannedForEncodings = 0;
			knownRegions = (
				en,
				Base,
			);
			mainGroup = 06101EB025ECE987008A2E43;
			productRefGroup = 06101EBA25ECE987008A2E43 /* Products */;
			projectDirPath = "";
			projectRoot = "";
			targets = (
				06101EB825ECE987008A2E43 /* AppSmartAudit */,
				06101ECE25ECE98F008A2E43 /* AppSmartAuditTests */,
				06101ED925ECE98F008A2E43 /* AppSmartAuditUITests */,
			);
		};
/* End PBXProject section */

/* Begin PBXResourcesBuildPhase section */
		06101EB725ECE987008A2E43 /* Resources */ = {
			isa = PBXResourcesBuildPhase;
			buildActionMask = 2147483647;
			files = (
				06101EC925ECE98E008A2E43 /* LaunchScreen.storyboard in Resources */,
				06101EC625ECE98E008A2E43 /* Assets.xcassets in Resources */,
				06101EC425ECE987008A2E43 /* Main.storyboard in Resources */,
			);
			runOnlyForDeploymentPostprocessing = 0;
		};
		06101ECD25ECE98F008A2E43 /* Resources */ = {
			isa = PBXResourcesBuildPhase;
			buildActionMask = 2147483647;
			files = (
			);
			runOnlyForDeploymentPostprocessing = 0;
		};
		06101ED825ECE98F008A2E43 /* Resources */ = {
			isa = PBXResourcesBuildPhase;
			buildActionMask = 2147483647;
			files = (
			);
			runOnlyForDeploymentPostprocessing = 0;
		};
/* End PBXResourcesBuildPhase section */

/* Begin PBXShellScriptBuildPhase section */
		4589385A413EB392B63F5466 /* [CP] Embed Pods Frameworks */ = {
			isa = PBXShellScriptBuildPhase;
			buildActionMask = 2147483647;
			files = (
			);
			inputFileListPaths = (
				"${PODS_ROOT}/Target Support Files/Pods-AppSmartAudit-AppSmartAuditUITests/Pods-AppSmartAudit-AppSmartAuditUITests-frameworks-${CONFIGURATION}-input-files.xcfilelist",
			);
			name = "[CP] Embed Pods Frameworks";
			outputFileListPaths = (
				"${PODS_ROOT}/Target Support Files/Pods-AppSmartAudit-AppSmartAuditUITests/Pods-AppSmartAudit-AppSmartAuditUITests-frameworks-${CONFIGURATION}-output-files.xcfilelist",
			);
			runOnlyForDeploymentPostprocessing = 0;
			shellPath = /bin/sh;
			shellScript = "\"${PODS_ROOT}/Target Support Files/Pods-AppSmartAudit-AppSmartAuditUITests/Pods-AppSmartAudit-AppSmartAuditUITests-frameworks.sh\"\n";
			showEnvVarsInLog = 0;
		};
		797AB38E07F43CD72198F44D /* [CP] Check Pods Manifest.lock */ = {
			isa = PBXShellScriptBuildPhase;
			buildActionMask = 2147483647;
			files = (
			);
			inputFileListPaths = (
			);
			inputPaths = (
				"${PODS_PODFILE_DIR_PATH}/Podfile.lock",
				"${PODS_ROOT}/Manifest.lock",
			);
			name = "[CP] Check Pods Manifest.lock";
			outputFileListPaths = (
			);
			outputPaths = (
				"$(DERIVED_FILE_DIR)/Pods-AppSmartAuditTests-checkManifestLockResult.txt",
			);
			runOnlyForDeploymentPostprocessing = 0;
			shellPath = /bin/sh;
			shellScript = "diff \"${PODS_PODFILE_DIR_PATH}/Podfile.lock\" \"${PODS_ROOT}/Manifest.lock\" > /dev/null\nif [ $? != 0 ] ; then\n    # print error to STDERR\n    echo \"error: The sandbox is not in sync with the Podfile.lock. Run 'pod install' or update your CocoaPods installation.\" >&2\n    exit 1\nfi\n# This output is used by Xcode 'outputs' to avoid re-running this script phase.\necho \"SUCCESS\" > \"${SCRIPT_OUTPUT_FILE_0}\"\n";
			showEnvVarsInLog = 0;
		};
		9CDA3679274CAA8E9B54D684 /* [CP] Check Pods Manifest.lock */ = {
			isa = PBXShellScriptBuildPhase;
			buildActionMask = 2147483647;
			files = (
			);
			inputFileListPaths = (
			);
			inputPaths = (
				"${PODS_PODFILE_DIR_PATH}/Podfile.lock",
				"${PODS_ROOT}/Manifest.lock",
			);
			name = "[CP] Check Pods Manifest.lock";
			outputFileListPaths = (
			);
			outputPaths = (
				"$(DERIVED_FILE_DIR)/Pods-AppSmartAudit-checkManifestLockResult.txt",
			);
			runOnlyForDeploymentPostprocessing = 0;
			shellPath = /bin/sh;
			shellScript = "diff \"${PODS_PODFILE_DIR_PATH}/Podfile.lock\" \"${PODS_ROOT}/Manifest.lock\" > /dev/null\nif [ $? != 0 ] ; then\n    # print error to STDERR\n    echo \"error: The sandbox is not in sync with the Podfile.lock. Run 'pod install' or update your CocoaPods installation.\" >&2\n    exit 1\nfi\n# This output is used by Xcode 'outputs' to avoid re-running this script phase.\necho \"SUCCESS\" > \"${SCRIPT_OUTPUT_FILE_0}\"\n";
			showEnvVarsInLog = 0;
		};
		C4D99AA2E12C23745CBA4E4E /* [CP] Check Pods Manifest.lock */ = {
			isa = PBXShellScriptBuildPhase;
			buildActionMask = 2147483647;
			files = (
			);
			inputFileListPaths = (
			);
			inputPaths = (
				"${PODS_PODFILE_DIR_PATH}/Podfile.lock",
				"${PODS_ROOT}/Manifest.lock",
			);
			name = "[CP] Check Pods Manifest.lock";
			outputFileListPaths = (
			);
			outputPaths = (
				"$(DERIVED_FILE_DIR)/Pods-AppSmartAudit-AppSmartAuditUITests-checkManifestLockResult.txt",
			);
			runOnlyForDeploymentPostprocessing = 0;
			shellPath = /bin/sh;
			shellScript = "diff \"${PODS_PODFILE_DIR_PATH}/Podfile.lock\" \"${PODS_ROOT}/Manifest.lock\" > /dev/null\nif [ $? != 0 ] ; then\n    # print error to STDERR\n    echo \"error: The sandbox is not in sync with the Podfile.lock. Run 'pod install' or update your CocoaPods installation.\" >&2\n    exit 1\nfi\n# This output is used by Xcode 'outputs' to avoid re-running this script phase.\necho \"SUCCESS\" > \"${SCRIPT_OUTPUT_FILE_0}\"\n";
			showEnvVarsInLog = 0;
		};
		D17DF28B9E26A4D1EE779AA0 /* [CP] Embed Pods Frameworks */ = {
			isa = PBXShellScriptBuildPhase;
			buildActionMask = 2147483647;
			files = (
			);
			inputFileListPaths = (
				"${PODS_ROOT}/Target Support Files/Pods-AppSmartAudit/Pods-AppSmartAudit-frameworks-${CONFIGURATION}-input-files.xcfilelist",
			);
			name = "[CP] Embed Pods Frameworks";
			outputFileListPaths = (
				"${PODS_ROOT}/Target Support Files/Pods-AppSmartAudit/Pods-AppSmartAudit-frameworks-${CONFIGURATION}-output-files.xcfilelist",
			);
			runOnlyForDeploymentPostprocessing = 0;
			shellPath = /bin/sh;
			shellScript = "\"${PODS_ROOT}/Target Support Files/Pods-AppSmartAudit/Pods-AppSmartAudit-frameworks.sh\"\n";
			showEnvVarsInLog = 0;
		};
/* End PBXShellScriptBuildPhase section */

/* Begin PBXSourcesBuildPhase section */
		06101EB525ECE987008A2E43 /* Sources */ = {
			isa = PBXSourcesBuildPhase;
			buildActionMask = 2147483647;
			files = (
				06101F1225ED146F008A2E43 /* Comics.swift in Sources */,
				06101F0525ECEFF6008A2E43 /* AvengerAPI.swift in Sources */,
				06101EC125ECE987008A2E43 /* ViewController.swift in Sources */,
				06101EBD25ECE987008A2E43 /* AppDelegate.swift in Sources */,
				06101F2625ED149F008A2E43 /* Json4Swift_Base.swift in Sources */,
				06101F5225ED34B1008A2E43 /* DetailsCollectionViewCell.swift in Sources */,
				06101F0D25ECF5E1008A2E43 /* AvengerCollectionViewCell.swift in Sources */,
				06101F2B25ED14AD008A2E43 /* Results.swift in Sources */,
				06101EBF25ECE987008A2E43 /* SceneDelegate.swift in Sources */,
				06101F3A25ED14C3008A2E43 /* Thumbnail.swift in Sources */,
				06101F4D25ED33DA008A2E43 /* DetailsViewController.swift in Sources */,
				06101F2125ED1496008A2E43 /* Items.swift in Sources */,
				06101F1C25ED148F008A2E43 /* Events.swift in Sources */,
				06101F3F25ED14CB008A2E43 /* Urls.swift in Sources */,
				06101F3025ED14B5008A2E43 /* Series.swift in Sources */,
				06101EF025ECEB14008A2E43 /* Model.swift in Sources */,
				06101F1725ED1486008A2E43 /* Data.swift in Sources */,
				06101F3525ED14BD008A2E43 /* Stories.swift in Sources */,
			);
			runOnlyForDeploymentPostprocessing = 0;
		};
		06101ECB25ECE98F008A2E43 /* Sources */ = {
			isa = PBXSourcesBuildPhase;
			buildActionMask = 2147483647;
			files = (
				06101ED425ECE98F008A2E43 /* AppSmartAuditTests.swift in Sources */,
			);
			runOnlyForDeploymentPostprocessing = 0;
		};
		06101ED625ECE98F008A2E43 /* Sources */ = {
			isa = PBXSourcesBuildPhase;
			buildActionMask = 2147483647;
			files = (
				06101EDF25ECE98F008A2E43 /* AppSmartAuditUITests.swift in Sources */,
			);
			runOnlyForDeploymentPostprocessing = 0;
		};
/* End PBXSourcesBuildPhase section */

/* Begin PBXTargetDependency section */
		06101ED125ECE98F008A2E43 /* PBXTargetDependency */ = {
			isa = PBXTargetDependency;
			target = 06101EB825ECE987008A2E43 /* AppSmartAudit */;
			targetProxy = 06101ED025ECE98F008A2E43 /* PBXContainerItemProxy */;
		};
		06101EDC25ECE98F008A2E43 /* PBXTargetDependency */ = {
			isa = PBXTargetDependency;
			target = 06101EB825ECE987008A2E43 /* AppSmartAudit */;
			targetProxy = 06101EDB25ECE98F008A2E43 /* PBXContainerItemProxy */;
		};
/* End PBXTargetDependency section */

/* Begin PBXVariantGroup section */
		06101EC225ECE987008A2E43 /* Main.storyboard */ = {
			isa = PBXVariantGroup;
			children = (
				06101EC325ECE987008A2E43 /* Base */,
			);
			name = Main.storyboard;
			sourceTree = "<group>";
		};
		06101EC725ECE98E008A2E43 /* LaunchScreen.storyboard */ = {
			isa = PBXVariantGroup;
			children = (
				06101EC825ECE98E008A2E43 /* Base */,
			);
			name = LaunchScreen.storyboard;
			sourceTree = "<group>";
		};
/* End PBXVariantGroup section */

/* Begin XCBuildConfiguration section */
		06101EE125ECE98F008A2E43 /* Debug */ = {
			isa = XCBuildConfiguration;
			buildSettings = {
				ALWAYS_SEARCH_USER_PATHS = NO;
				CLANG_ANALYZER_NONNULL = YES;
				CLANG_ANALYZER_NUMBER_OBJECT_CONVERSION = YES_AGGRESSIVE;
				CLANG_CXX_LANGUAGE_STANDARD = "gnu++14";
				CLANG_CXX_LIBRARY = "libc++";
				CLANG_ENABLE_MODULES = YES;
				CLANG_ENABLE_OBJC_ARC = YES;
				CLANG_ENABLE_OBJC_WEAK = YES;
				CLANG_WARN_BLOCK_CAPTURE_AUTORELEASING = YES;
				CLANG_WARN_BOOL_CONVERSION = YES;
				CLANG_WARN_COMMA = YES;
				CLANG_WARN_CONSTANT_CONVERSION = YES;
				CLANG_WARN_DEPRECATED_OBJC_IMPLEMENTATIONS = YES;
				CLANG_WARN_DIRECT_OBJC_ISA_USAGE = YES_ERROR;
				CLANG_WARN_DOCUMENTATION_COMMENTS = YES;
				CLANG_WARN_EMPTY_BODY = YES;
				CLANG_WARN_ENUM_CONVERSION = YES;
				CLANG_WARN_INFINITE_RECURSION = YES;
				CLANG_WARN_INT_CONVERSION = YES;
				CLANG_WARN_NON_LITERAL_NULL_CONVERSION = YES;
				CLANG_WARN_OBJC_IMPLICIT_RETAIN_SELF = YES;
				CLANG_WARN_OBJC_LITERAL_CONVERSION = YES;
				CLANG_WARN_OBJC_ROOT_CLASS = YES_ERROR;
				CLANG_WARN_QUOTED_INCLUDE_IN_FRAMEWORK_HEADER = YES;
				CLANG_WARN_RANGE_LOOP_ANALYSIS = YES;
				CLANG_WARN_STRICT_PROTOTYPES = YES;
				CLANG_WARN_SUSPICIOUS_MOVE = YES;
				CLANG_WARN_UNGUARDED_AVAILABILITY = YES_AGGRESSIVE;
				CLANG_WARN_UNREACHABLE_CODE = YES;
				CLANG_WARN__DUPLICATE_METHOD_MATCH = YES;
				COPY_PHASE_STRIP = NO;
				DEBUG_INFORMATION_FORMAT = dwarf;
				ENABLE_STRICT_OBJC_MSGSEND = YES;
				ENABLE_TESTABILITY = YES;
				GCC_C_LANGUAGE_STANDARD = gnu11;
				GCC_DYNAMIC_NO_PIC = NO;
				GCC_NO_COMMON_BLOCKS = YES;
				GCC_OPTIMIZATION_LEVEL = 0;
				GCC_PREPROCESSOR_DEFINITIONS = (
					"DEBUG=1",
					"$(inherited)",
				);
				GCC_WARN_64_TO_32_BIT_CONVERSION = YES;
				GCC_WARN_ABOUT_RETURN_TYPE = YES_ERROR;
				GCC_WARN_UNDECLARED_SELECTOR = YES;
				GCC_WARN_UNINITIALIZED_AUTOS = YES_AGGRESSIVE;
				GCC_WARN_UNUSED_FUNCTION = YES;
				GCC_WARN_UNUSED_VARIABLE = YES;
				IPHONEOS_DEPLOYMENT_TARGET = 14.4;
				MTL_ENABLE_DEBUG_INFO = INCLUDE_SOURCE;
				MTL_FAST_MATH = YES;
				ONLY_ACTIVE_ARCH = YES;
				SDKROOT = iphoneos;
				SWIFT_ACTIVE_COMPILATION_CONDITIONS = DEBUG;
				SWIFT_OPTIMIZATION_LEVEL = "-Onone";
			};
			name = Debug;
		};
		06101EE225ECE98F008A2E43 /* Release */ = {
			isa = XCBuildConfiguration;
			buildSettings = {
				ALWAYS_SEARCH_USER_PATHS = NO;
				CLANG_ANALYZER_NONNULL = YES;
				CLANG_ANALYZER_NUMBER_OBJECT_CONVERSION = YES_AGGRESSIVE;
				CLANG_CXX_LANGUAGE_STANDARD = "gnu++14";
				CLANG_CXX_LIBRARY = "libc++";
				CLANG_ENABLE_MODULES = YES;
				CLANG_ENABLE_OBJC_ARC = YES;
				CLANG_ENABLE_OBJC_WEAK = YES;
				CLANG_WARN_BLOCK_CAPTURE_AUTORELEASING = YES;
				CLANG_WARN_BOOL_CONVERSION = YES;
				CLANG_WARN_COMMA = YES;
				CLANG_WARN_CONSTANT_CONVERSION = YES;
				CLANG_WARN_DEPRECATED_OBJC_IMPLEMENTATIONS = YES;
				CLANG_WARN_DIRECT_OBJC_ISA_USAGE = YES_ERROR;
				CLANG_WARN_DOCUMENTATION_COMMENTS = YES;
				CLANG_WARN_EMPTY_BODY = YES;
				CLANG_WARN_ENUM_CONVERSION = YES;
				CLANG_WARN_INFINITE_RECURSION = YES;
				CLANG_WARN_INT_CONVERSION = YES;
				CLANG_WARN_NON_LITERAL_NULL_CONVERSION = YES;
				CLANG_WARN_OBJC_IMPLICIT_RETAIN_SELF = YES;
				CLANG_WARN_OBJC_LITERAL_CONVERSION = YES;
				CLANG_WARN_OBJC_ROOT_CLASS = YES_ERROR;
				CLANG_WARN_QUOTED_INCLUDE_IN_FRAMEWORK_HEADER = YES;
				CLANG_WARN_RANGE_LOOP_ANALYSIS = YES;
				CLANG_WARN_STRICT_PROTOTYPES = YES;
				CLANG_WARN_SUSPICIOUS_MOVE = YES;
				CLANG_WARN_UNGUARDED_AVAILABILITY = YES_AGGRESSIVE;
				CLANG_WARN_UNREACHABLE_CODE = YES;
				CLANG_WARN__DUPLICATE_METHOD_MATCH = YES;
				COPY_PHASE_STRIP = NO;
				DEBUG_INFORMATION_FORMAT = "dwarf-with-dsym";
				ENABLE_NS_ASSERTIONS = NO;
				ENABLE_STRICT_OBJC_MSGSEND = YES;
				GCC_C_LANGUAGE_STANDARD = gnu11;
				GCC_NO_COMMON_BLOCKS = YES;
				GCC_WARN_64_TO_32_BIT_CONVERSION = YES;
				GCC_WARN_ABOUT_RETURN_TYPE = YES_ERROR;
				GCC_WARN_UNDECLARED_SELECTOR = YES;
				GCC_WARN_UNINITIALIZED_AUTOS = YES_AGGRESSIVE;
				GCC_WARN_UNUSED_FUNCTION = YES;
				GCC_WARN_UNUSED_VARIABLE = YES;
				IPHONEOS_DEPLOYMENT_TARGET = 14.4;
				MTL_ENABLE_DEBUG_INFO = NO;
				MTL_FAST_MATH = YES;
				SDKROOT = iphoneos;
				SWIFT_COMPILATION_MODE = wholemodule;
				SWIFT_OPTIMIZATION_LEVEL = "-O";
				VALIDATE_PRODUCT = YES;
			};
			name = Release;
		};
		06101EE425ECE98F008A2E43 /* Debug */ = {
			isa = XCBuildConfiguration;
			baseConfigurationReference = 3A77DA27DC66080593A38A9F /* Pods-AppSmartAudit.debug.xcconfig */;
			buildSettings = {
				ASSETCATALOG_COMPILER_APPICON_NAME = AppIcon;
				ASSETCATALOG_COMPILER_GLOBAL_ACCENT_COLOR_NAME = AccentColor;
				CODE_SIGN_STYLE = Automatic;
				DEVELOPMENT_TEAM = RD2N7UQP83;
				INFOPLIST_FILE = AppSmartAudit/Info.plist;
				LD_RUNPATH_SEARCH_PATHS = (
					"$(inherited)",
					"@executable_path/Frameworks",
				);
				PRODUCT_BUNDLE_IDENTIFIER = com.AppSmartAudit;
				PRODUCT_NAME = "$(TARGET_NAME)";
				SWIFT_VERSION = 5.0;
				TARGETED_DEVICE_FAMILY = "1,2";
			};
			name = Debug;
		};
		06101EE525ECE98F008A2E43 /* Release */ = {
			isa = XCBuildConfiguration;
			baseConfigurationReference = E704EA0A0B2740858C82F10C /* Pods-AppSmartAudit.release.xcconfig */;
			buildSettings = {
				ASSETCATALOG_COMPILER_APPICON_NAME = AppIcon;
				ASSETCATALOG_COMPILER_GLOBAL_ACCENT_COLOR_NAME = AccentColor;
				CODE_SIGN_STYLE = Automatic;
				DEVELOPMENT_TEAM = RD2N7UQP83;
				INFOPLIST_FILE = AppSmartAudit/Info.plist;
				LD_RUNPATH_SEARCH_PATHS = (
					"$(inherited)",
					"@executable_path/Frameworks",
				);
				PRODUCT_BUNDLE_IDENTIFIER = com.AppSmartAudit;
				PRODUCT_NAME = "$(TARGET_NAME)";
				SWIFT_VERSION = 5.0;
				TARGETED_DEVICE_FAMILY = "1,2";
			};
			name = Release;
		};
		06101EE725ECE98F008A2E43 /* Debug */ = {
			isa = XCBuildConfiguration;
			baseConfigurationReference = 974D74847FF0324197A80331 /* Pods-AppSmartAuditTests.debug.xcconfig */;
			buildSettings = {
				ALWAYS_EMBED_SWIFT_STANDARD_LIBRARIES = YES;
				BUNDLE_LOADER = "$(TEST_HOST)";
				CODE_SIGN_STYLE = Automatic;
				DEVELOPMENT_TEAM = RD2N7UQP83;
				INFOPLIST_FILE = AppSmartAuditTests/Info.plist;
				IPHONEOS_DEPLOYMENT_TARGET = 14.4;
				LD_RUNPATH_SEARCH_PATHS = (
					"$(inherited)",
					"@executable_path/Frameworks",
					"@loader_path/Frameworks",
				);
				PRODUCT_BUNDLE_IDENTIFIER = com.AppSmartAuditTests;
				PRODUCT_NAME = "$(TARGET_NAME)";
				SWIFT_VERSION = 5.0;
				TARGETED_DEVICE_FAMILY = "1,2";
				TEST_HOST = "$(BUILT_PRODUCTS_DIR)/AppSmartAudit.app/AppSmartAudit";
			};
			name = Debug;
		};
		06101EE825ECE98F008A2E43 /* Release */ = {
			isa = XCBuildConfiguration;
			baseConfigurationReference = E4C8ECE130569BC27AF15C1A /* Pods-AppSmartAuditTests.release.xcconfig */;
			buildSettings = {
				ALWAYS_EMBED_SWIFT_STANDARD_LIBRARIES = YES;
				BUNDLE_LOADER = "$(TEST_HOST)";
				CODE_SIGN_STYLE = Automatic;
				DEVELOPMENT_TEAM = RD2N7UQP83;
				INFOPLIST_FILE = AppSmartAuditTests/Info.plist;
				IPHONEOS_DEPLOYMENT_TARGET = 14.4;
				LD_RUNPATH_SEARCH_PATHS = (
					"$(inherited)",
					"@executable_path/Frameworks",
					"@loader_path/Frameworks",
				);
				PRODUCT_BUNDLE_IDENTIFIER = com.AppSmartAuditTests;
				PRODUCT_NAME = "$(TARGET_NAME)";
				SWIFT_VERSION = 5.0;
				TARGETED_DEVICE_FAMILY = "1,2";
				TEST_HOST = "$(BUILT_PRODUCTS_DIR)/AppSmartAudit.app/AppSmartAudit";
			};
			name = Release;
		};
		06101EEA25ECE98F008A2E43 /* Debug */ = {
			isa = XCBuildConfiguration;
			baseConfigurationReference = F53CC1E13504C5536159C8CC /* Pods-AppSmartAudit-AppSmartAuditUITests.debug.xcconfig */;
			buildSettings = {
				ALWAYS_EMBED_SWIFT_STANDARD_LIBRARIES = YES;
				CODE_SIGN_STYLE = Automatic;
				DEVELOPMENT_TEAM = RD2N7UQP83;
				INFOPLIST_FILE = AppSmartAuditUITests/Info.plist;
				LD_RUNPATH_SEARCH_PATHS = (
					"$(inherited)",
					"@executable_path/Frameworks",
					"@loader_path/Frameworks",
				);
				PRODUCT_BUNDLE_IDENTIFIER = com.AppSmartAuditUITests;
				PRODUCT_NAME = "$(TARGET_NAME)";
				SWIFT_VERSION = 5.0;
				TARGETED_DEVICE_FAMILY = "1,2";
				TEST_TARGET_NAME = AppSmartAudit;
			};
			name = Debug;
		};
		06101EEB25ECE98F008A2E43 /* Release */ = {
			isa = XCBuildConfiguration;
			baseConfigurationReference = 0066CC569E11BD7D514D4760 /* Pods-AppSmartAudit-AppSmartAuditUITests.release.xcconfig */;
			buildSettings = {
				ALWAYS_EMBED_SWIFT_STANDARD_LIBRARIES = YES;
				CODE_SIGN_STYLE = Automatic;
				DEVELOPMENT_TEAM = RD2N7UQP83;
				INFOPLIST_FILE = AppSmartAuditUITests/Info.plist;
				LD_RUNPATH_SEARCH_PATHS = (
					"$(inherited)",
					"@executable_path/Frameworks",
					"@loader_path/Frameworks",
				);
				PRODUCT_BUNDLE_IDENTIFIER = com.AppSmartAuditUITests;
				PRODUCT_NAME = "$(TARGET_NAME)";
				SWIFT_VERSION = 5.0;
				TARGETED_DEVICE_FAMILY = "1,2";
				TEST_TARGET_NAME = AppSmartAudit;
			};
			name = Release;
		};
/* End XCBuildConfiguration section */

/* Begin XCConfigurationList section */
		06101EB425ECE987008A2E43 /* Build configuration list for PBXProject "AppSmartAudit" */ = {
			isa = XCConfigurationList;
			buildConfigurations = (
				06101EE125ECE98F008A2E43 /* Debug */,
				06101EE225ECE98F008A2E43 /* Release */,
			);
			defaultConfigurationIsVisible = 0;
			defaultConfigurationName = Release;
		};
		06101EE325ECE98F008A2E43 /* Build configuration list for PBXNativeTarget "AppSmartAudit" */ = {
			isa = XCConfigurationList;
			buildConfigurations = (
				06101EE425ECE98F008A2E43 /* Debug */,
				06101EE525ECE98F008A2E43 /* Release */,
			);
			defaultConfigurationIsVisible = 0;
			defaultConfigurationName = Release;
		};
		06101EE625ECE98F008A2E43 /* Build configuration list for PBXNativeTarget "AppSmartAuditTests" */ = {
			isa = XCConfigurationList;
			buildConfigurations = (
				06101EE725ECE98F008A2E43 /* Debug */,
				06101EE825ECE98F008A2E43 /* Release */,
			);
			defaultConfigurationIsVisible = 0;
			defaultConfigurationName = Release;
		};
		06101EE925ECE98F008A2E43 /* Build configuration list for PBXNativeTarget "AppSmartAuditUITests" */ = {
			isa = XCConfigurationList;
			buildConfigurations = (
				06101EEA25ECE98F008A2E43 /* Debug */,
				06101EEB25ECE98F008A2E43 /* Release */,
			);
			defaultConfigurationIsVisible = 0;
			defaultConfigurationName = Release;
		};
/* End XCConfigurationList section */
	};
	rootObject = 06101EB125ECE987008A2E43 /* Project object */;
}
